
Microsoft Visual Studio Solution File, Format Version 12.00
# Visual Studio Version 17
VisualStudioVersion = 17.7.34024.191
MinimumVisualStudioVersion = 10.0.40219.1
Project("{FAE04EC0-301F-11D3-BF4B-00C04F79EFBC}") = "MVCFirstApp", "MVCFirstApp.csproj", "{163B4208-82B0-4A30-BE3D-B41C084FFCDE}"
EndProject
Global
	GlobalSection(SolutionConfigurationPlatforms) = preSolution
		Debug|Any CPU = Debug|Any CPU
		Release|Any CPU = Release|Any CPU
	EndGlobalSection
	GlobalSection(ProjectConfigurationPlatforms) = postSolution
		{163B4208-82B0-4A30-BE3D-B41C084FFCDE}.Debug|Any CPU.ActiveCfg = Debug|Any CPU
		{163B4208-82B0-4A30-BE3D-B41C084FFCDE}.Debug|Any CPU.Build.0 = Debug|Any CPU
		{163B4208-82B0-4A30-BE3D-B41C084FFCDE}.Release|Any CPU.ActiveCfg = Release|Any CPU
		{163B4208-82B0-4A30-BE3D-B41C084FFCDE}.Release|Any CPU.Build.0 = Release|Any CPU
	EndGlobalSection
	GlobalSection(SolutionProperties) = preSolution
		HideSolutionNode = FALSE
	EndGlobalSection
	GlobalSection(ExtensibilityGlobals) = postSolution
		SolutionGuid = {010A581C-21FB-4BB6-8075-D5410EBC748E}
	EndGlobalSection
EndGlobal
